// !$*UTF8*$!
{
	archiveVersion = 1;
	classes = {
	};
	objectVersion = 50;
	objects = {

/* Begin PBXBuildFile section */
		2232D5532103733E00BF0A36 /* char_ref.rl in Resources */ = {isa = PBXBuildFile; fileRef = 2232D5522103733E00BF0A36 /* char_ref.rl */; };
		2269B0E4213B8D56005DBB57 /* JLBookdetailRecommendTableViewCell.swift in Sources */ = {isa = PBXBuildFile; fileRef = 2269B0E3213B8D56005DBB57 /* JLBookdetailRecommendTableViewCell.swift */; };
		22C3500920EDAA7B00CE2442 /* AppDelegate.swift in Sources */ = {isa = PBXBuildFile; fileRef = 22C3500820EDAA7B00CE2442 /* AppDelegate.swift */; };
		22C3501020EDAA7E00CE2442 /* Assets.xcassets in Resources */ = {isa = PBXBuildFile; fileRef = 22C3500F20EDAA7E00CE2442 /* Assets.xcassets */; };
		22C3501320EDAA7E00CE2442 /* LaunchScreen.storyboard in Resources */ = {isa = PBXBuildFile; fileRef = 22C3501120EDAA7E00CE2442 /* LaunchScreen.storyboard */; };
		22C3509820EDB3A500CE2442 /* string_buffer.c in Sources */ = {isa = PBXBuildFile; fileRef = 22C3507520EDB3A500CE2442 /* string_buffer.c */; };
		22C3509920EDB3A500CE2442 /* util.c in Sources */ = {isa = PBXBuildFile; fileRef = 22C3507820EDB3A500CE2442 /* util.c */; };
		22C3509B20EDB3A500CE2442 /* vector.c in Sources */ = {isa = PBXBuildFile; fileRef = 22C3507C20EDB3A500CE2442 /* vector.c */; };
		22C3509C20EDB3A500CE2442 /* attribute.c in Sources */ = {isa = PBXBuildFile; fileRef = 22C3507D20EDB3A500CE2442 /* attribute.c */; };
		22C3509D20EDB3A500CE2442 /* char_ref.c in Sources */ = {isa = PBXBuildFile; fileRef = 22C3507E20EDB3A500CE2442 /* char_ref.c */; };
		22C3509E20EDB3A500CE2442 /* utf8.c in Sources */ = {isa = PBXBuildFile; fileRef = 22C3508020EDB3A500CE2442 /* utf8.c */; };
		22C3509F20EDB3A500CE2442 /* error.c in Sources */ = {isa = PBXBuildFile; fileRef = 22C3508620EDB3A500CE2442 /* error.c */; };
		22C350A020EDB3A500CE2442 /* tag.in in Resources */ = {isa = PBXBuildFile; fileRef = 22C3508720EDB3A500CE2442 /* tag.in */; };
		22C350A120EDB3A500CE2442 /* tag.c in Sources */ = {isa = PBXBuildFile; fileRef = 22C3508920EDB3A500CE2442 /* tag.c */; };
		22C350A220EDB3A500CE2442 /* parser.c in Sources */ = {isa = PBXBuildFile; fileRef = 22C3508D20EDB3A500CE2442 /* parser.c */; };
		22C350A320EDB3A500CE2442 /* tokenizer.c in Sources */ = {isa = PBXBuildFile; fileRef = 22C3509120EDB3A500CE2442 /* tokenizer.c */; };
		22C350A420EDB3A500CE2442 /* string_piece.c in Sources */ = {isa = PBXBuildFile; fileRef = 22C3509220EDB3A500CE2442 /* string_piece.c */; };
		22C350A520EDB3A500CE2442 /* OCGumbo+Query.m in Sources */ = {isa = PBXBuildFile; fileRef = 22C3509620EDB3A500CE2442 /* OCGumbo+Query.m */; };
		22C350A620EDB3A500CE2442 /* OCGumbo.m in Sources */ = {isa = PBXBuildFile; fileRef = 22C3509720EDB3A500CE2442 /* OCGumbo.m */; };
		22C350E020F08CB800CE2442 /* libxml2.tbd in Frameworks */ = {isa = PBXBuildFile; fileRef = 22C350DF20F08CB800CE2442 /* libxml2.tbd */; };
		22C3512920F4582100CE2442 /* NSObject+Extension.swift in Sources */ = {isa = PBXBuildFile; fileRef = 22C350E920F4582100CE2442 /* NSObject+Extension.swift */; };
		22C3512A20F4582100CE2442 /* UIView+Extension.swift in Sources */ = {isa = PBXBuildFile; fileRef = 22C350EA20F4582100CE2442 /* UIView+Extension.swift */; };
		22C3512B20F4582100CE2442 /* String+Extension.swift in Sources */ = {isa = PBXBuildFile; fileRef = 22C350EB20F4582100CE2442 /* String+Extension.swift */; };
		22C3512C20F4582100CE2442 /* UIScrollView+Extension.swift in Sources */ = {isa = PBXBuildFile; fileRef = 22C350EC20F4582100CE2442 /* UIScrollView+Extension.swift */; };
		22C3512D20F4582100CE2442 /* UIPageViewController+Extension.swift in Sources */ = {isa = PBXBuildFile; fileRef = 22C350ED20F4582100CE2442 /* UIPageViewController+Extension.swift */; };
		22C3512E20F4582100CE2442 /* UITableView+Extension.swift in Sources */ = {isa = PBXBuildFile; fileRef = 22C350EE20F4582100CE2442 /* UITableView+Extension.swift */; };
		22C3512F20F4582100CE2442 /* JLSegmentedControl.swift in Sources */ = {isa = PBXBuildFile; fileRef = 22C350F020F4582100CE2442 /* JLSegmentedControl.swift */; };
		22C3513020F4582100CE2442 /* JLHaloButton.swift in Sources */ = {isa = PBXBuildFile; fileRef = 22C350F120F4582100CE2442 /* JLHaloButton.swift */; };
		22C3513120F4582100CE2442 /* JLUserDefaults.swift in Sources */ = {isa = PBXBuildFile; fileRef = 22C350F220F4582100CE2442 /* JLUserDefaults.swift */; };
		22C3513220F4582100CE2442 /* DZMGlobalMethod.swift in Sources */ = {isa = PBXBuildFile; fileRef = 22C350F420F4582100CE2442 /* DZMGlobalMethod.swift */; };
		22C3513320F4582100CE2442 /* DZMGlobalProperty.swift in Sources */ = {isa = PBXBuildFile; fileRef = 22C350F520F4582100CE2442 /* DZMGlobalProperty.swift */; };
		22C3513420F4582100CE2442 /* JLCoverController.m in Sources */ = {isa = PBXBuildFile; fileRef = 22C350F920F4582100CE2442 /* JLCoverController.m */; };
		22C3513520F4582100CE2442 /* UINavigationController+FDFullscreenPopGesture.m in Sources */ = {isa = PBXBuildFile; fileRef = 22C350FC20F4582100CE2442 /* UINavigationController+FDFullscreenPopGesture.m */; };
		22C3513620F4582100CE2442 /* ASValuePopUpView.m in Sources */ = {isa = PBXBuildFile; fileRef = 22C3510020F4582100CE2442 /* ASValuePopUpView.m */; };
		22C3513720F4582100CE2442 /* ASValueTrackingSlider.m in Sources */ = {isa = PBXBuildFile; fileRef = 22C3510120F4582100CE2442 /* ASValueTrackingSlider.m */; };
		22C3513820F4582100CE2442 /* UIView+YGPulseView.m in Sources */ = {isa = PBXBuildFile; fileRef = 22C3510320F4582100CE2442 /* UIView+YGPulseView.m */; };
		22C3513920F4582100CE2442 /* JLMagnifierView.m in Sources */ = {isa = PBXBuildFile; fileRef = 22C3510720F4582100CE2442 /* JLMagnifierView.m */; };
		22C3513A20F4582100CE2442 /* JLBatteryView.swift in Sources */ = {isa = PBXBuildFile; fileRef = 22C3510820F4582100CE2442 /* JLBatteryView.swift */; };
		22C3513B20F4582100CE2442 /* JLViewController.swift in Sources */ = {isa = PBXBuildFile; fileRef = 22C3510A20F4582100CE2442 /* JLViewController.swift */; };
		22C3513C20F4582100CE2442 /* JLReadOperation.swift in Sources */ = {isa = PBXBuildFile; fileRef = 22C3510C20F4582100CE2442 /* JLReadOperation.swift */; };
		22C3513D20F4582100CE2442 /* JLReadParser.swift in Sources */ = {isa = PBXBuildFile; fileRef = 22C3510D20F4582100CE2442 /* JLReadParser.swift */; };
		22C3513E20F4582100CE2442 /* JLReadViewController.swift in Sources */ = {isa = PBXBuildFile; fileRef = 22C3510E20F4582100CE2442 /* JLReadViewController.swift */; };
		22C3513F20F4582100CE2442 /* JLReadConfigure.swift in Sources */ = {isa = PBXBuildFile; fileRef = 22C3510F20F4582100CE2442 /* JLReadConfigure.swift */; };
		22C3514020F4582100CE2442 /* JLReadAuxiliary.swift in Sources */ = {isa = PBXBuildFile; fileRef = 22C3511020F4582100CE2442 /* JLReadAuxiliary.swift */; };
		22C3514120F4582100CE2442 /* JLReadController.swift in Sources */ = {isa = PBXBuildFile; fileRef = 22C3511120F4582100CE2442 /* JLReadController.swift */; };
		22C3514220F4582100CE2442 /* JLReadBGController.swift in Sources */ = {isa = PBXBuildFile; fileRef = 22C3511220F4582100CE2442 /* JLReadBGController.swift */; };
		22C3514320F4582100CE2442 /* JLRMColorView.swift in Sources */ = {isa = PBXBuildFile; fileRef = 22C3511520F4582100CE2442 /* JLRMColorView.swift */; };
		22C3514420F4582100CE2442 /* JLRMSettingView.swift in Sources */ = {isa = PBXBuildFile; fileRef = 22C3511620F4582100CE2442 /* JLRMSettingView.swift */; };
		22C3514520F4582100CE2442 /* JLRMFuncView.swift in Sources */ = {isa = PBXBuildFile; fileRef = 22C3511720F4582100CE2442 /* JLRMFuncView.swift */; };
		22C3514620F4582100CE2442 /* JLRMBottomView.swift in Sources */ = {isa = PBXBuildFile; fileRef = 22C3511820F4582100CE2442 /* JLRMBottomView.swift */; };
		22C3514720F4582100CE2442 /* JLRMStatusView.swift in Sources */ = {isa = PBXBuildFile; fileRef = 22C3511920F4582100CE2442 /* JLRMStatusView.swift */; };
		22C3514820F4582100CE2442 /* JLRMLeftView.swift in Sources */ = {isa = PBXBuildFile; fileRef = 22C3511A20F4582100CE2442 /* JLRMLeftView.swift */; };
		22C3514920F4582100CE2442 /* JLReadMenu.swift in Sources */ = {isa = PBXBuildFile; fileRef = 22C3511B20F4582100CE2442 /* JLReadMenu.swift */; };
		22C3514A20F4582100CE2442 /* JLRMTopView.swift in Sources */ = {isa = PBXBuildFile; fileRef = 22C3511C20F4582100CE2442 /* JLRMTopView.swift */; };
		22C3514B20F4582100CE2442 /* JLRMBaseView.swift in Sources */ = {isa = PBXBuildFile; fileRef = 22C3511D20F4582100CE2442 /* JLRMBaseView.swift */; };
		22C3514C20F4582100CE2442 /* JLRMLightView.swift in Sources */ = {isa = PBXBuildFile; fileRef = 22C3511E20F4582100CE2442 /* JLRMLightView.swift */; };
		22C3514D20F4582100CE2442 /* JLReadRecordModel.swift in Sources */ = {isa = PBXBuildFile; fileRef = 22C3512020F4582100CE2442 /* JLReadRecordModel.swift */; };
		22C3514E20F4582100CE2442 /* JLReadModel.swift in Sources */ = {isa = PBXBuildFile; fileRef = 22C3512120F4582100CE2442 /* JLReadModel.swift */; };
		22C3514F20F4582100CE2442 /* JLReadChapterListModel.swift in Sources */ = {isa = PBXBuildFile; fileRef = 22C3512220F4582100CE2442 /* JLReadChapterListModel.swift */; };
		22C3515020F4582100CE2442 /* JLReadMarkModel.swift in Sources */ = {isa = PBXBuildFile; fileRef = 22C3512320F4582100CE2442 /* JLReadMarkModel.swift */; };
		22C3515120F4582100CE2442 /* JLReadChapterModel.swift in Sources */ = {isa = PBXBuildFile; fileRef = 22C3512420F4582100CE2442 /* JLReadChapterModel.swift */; };
		22C3515220F4582100CE2442 /* JLReadViewCell.swift in Sources */ = {isa = PBXBuildFile; fileRef = 22C3512620F4582100CE2442 /* JLReadViewCell.swift */; };
		22C3515320F4582100CE2442 /* JLCursorView.swift in Sources */ = {isa = PBXBuildFile; fileRef = 22C3512720F4582100CE2442 /* JLCursorView.swift */; };
		22C3515420F4582100CE2442 /* JLReadView.swift in Sources */ = {isa = PBXBuildFile; fileRef = 22C3512820F4582100CE2442 /* JLReadView.swift */; };
		22C3515720F4BD0700CE2442 /* JLExtensionSwift.swift in Sources */ = {isa = PBXBuildFile; fileRef = 22C3515620F4BD0700CE2442 /* JLExtensionSwift.swift */; };
		22C3515920F4BD4300CE2442 /* JLParsingHTML.swift in Sources */ = {isa = PBXBuildFile; fileRef = 22C3515820F4BD4300CE2442 /* JLParsingHTML.swift */; };
		22C3515B20F4C10600CE2442 /* JLParsing80Txt.swift in Sources */ = {isa = PBXBuildFile; fileRef = 22C3515A20F4C10600CE2442 /* JLParsing80Txt.swift */; };
		22C3516020F4C80900CE2442 /* JLBaseTableViewController.swift in Sources */ = {isa = PBXBuildFile; fileRef = 22C3515D20F4C80900CE2442 /* JLBaseTableViewController.swift */; };
		22C3516120F4C80900CE2442 /* JLBaseViewController.swift in Sources */ = {isa = PBXBuildFile; fileRef = 22C3515E20F4C80900CE2442 /* JLBaseViewController.swift */; };
		22C3516220F4C80900CE2442 /* JLBaseTabBarController.swift in Sources */ = {isa = PBXBuildFile; fileRef = 22C3515F20F4C80900CE2442 /* JLBaseTabBarController.swift */; };
		22C3516620F4C91800CE2442 /* JLBookcaseTableViewController.swift in Sources */ = {isa = PBXBuildFile; fileRef = 22C3516520F4C91800CE2442 /* JLBookcaseTableViewController.swift */; };
		22C3516820F4C93100CE2442 /* JLBookcityTableViewController.swift in Sources */ = {isa = PBXBuildFile; fileRef = 22C3516720F4C93100CE2442 /* JLBookcityTableViewController.swift */; };
		22C3516A20F58E0900CE2442 /* JLBooklistTableViewController.swift in Sources */ = {isa = PBXBuildFile; fileRef = 22C3516920F58E0900CE2442 /* JLBooklistTableViewController.swift */; };
		22C3516C20F58FED00CE2442 /* JLBooklistTableViewCell.swift in Sources */ = {isa = PBXBuildFile; fileRef = 22C3516B20F58FED00CE2442 /* JLBooklistTableViewCell.swift */; };
		22D77B2E20F635B600EB02D7 /* JLLabel.swift in Sources */ = {isa = PBXBuildFile; fileRef = 22D77B2D20F635B600EB02D7 /* JLLabel.swift */; };
		22EB6923212E86A800126494 /* JLBookdetailTableViewController.swift in Sources */ = {isa = PBXBuildFile; fileRef = 22EB6922212E86A800126494 /* JLBookdetailTableViewController.swift */; };
		22EB6925212EAA6B00126494 /* JLBookdetailTableViewCell.swift in Sources */ = {isa = PBXBuildFile; fileRef = 22EB6924212EAA6B00126494 /* JLBookdetailTableViewCell.swift */; };
		6EC52B9793F7B9472314C199 /* Pods_JLReader.framework in Frameworks */ = {isa = PBXBuildFile; fileRef = BF332BC3F17251BFF0CABA16 /* Pods_JLReader.framework */; };
/* End PBXBuildFile section */

/* Begin PBXFileReference section */
		2232D5522103733E00BF0A36 /* char_ref.rl */ = {isa = PBXFileReference; fileEncoding = 4; lastKnownFileType = text; path = char_ref.rl; sourceTree = "<group>"; };
		2269B0E3213B8D56005DBB57 /* JLBookdetailRecommendTableViewCell.swift */ = {isa = PBXFileReference; lastKnownFileType = sourcecode.swift; path = JLBookdetailRecommendTableViewCell.swift; sourceTree = "<group>"; };
		22C3500520EDAA7B00CE2442 /* JLReader.app */ = {isa = PBXFileReference; explicitFileType = wrapper.application; includeInIndex = 0; path = JLReader.app; sourceTree = BUILT_PRODUCTS_DIR; };
		22C3500820EDAA7B00CE2442 /* AppDelegate.swift */ = {isa = PBXFileReference; lastKnownFileType = sourcecode.swift; path = AppDelegate.swift; sourceTree = "<group>"; };
		22C3500F20EDAA7E00CE2442 /* Assets.xcassets */ = {isa = PBXFileReference; lastKnownFileType = folder.assetcatalog; path = Assets.xcassets; sourceTree = "<group>"; };
		22C3501220EDAA7E00CE2442 /* Base */ = {isa = PBXFileReference; lastKnownFileType = file.storyboard; name = Base; path = Base.lproj/LaunchScreen.storyboard; sourceTree = "<group>"; };
		22C3501420EDAA7E00CE2442 /* Info.plist */ = {isa = PBXFileReference; lastKnownFileType = text.plist.xml; path = Info.plist; sourceTree = "<group>"; };
		22C3506E20EDB38F00CE2442 /* JLReader-Bridging-Header.h */ = {isa = PBXFileReference; lastKnownFileType = sourcecode.c.h; path = "JLReader-Bridging-Header.h"; sourceTree = "<group>"; };
		22C3507520EDB3A500CE2442 /* string_buffer.c */ = {isa = PBXFileReference; fileEncoding = 4; lastKnownFileType = sourcecode.c.c; path = string_buffer.c; sourceTree = "<group>"; };
		22C3507620EDB3A500CE2442 /* error.h */ = {isa = PBXFileReference; fileEncoding = 4; lastKnownFileType = sourcecode.c.h; path = error.h; sourceTree = "<group>"; };
		22C3507720EDB3A500CE2442 /* tag_enum.h */ = {isa = PBXFileReference; fileEncoding = 4; lastKnownFileType = sourcecode.c.h; path = tag_enum.h; sourceTree = "<group>"; };
		22C3507820EDB3A500CE2442 /* util.c */ = {isa = PBXFileReference; fileEncoding = 4; lastKnownFileType = sourcecode.c.c; path = util.c; sourceTree = "<group>"; };
		22C3507A20EDB3A500CE2442 /* insertion_mode.h */ = {isa = PBXFileReference; fileEncoding = 4; lastKnownFileType = sourcecode.c.h; path = insertion_mode.h; sourceTree = "<group>"; };
		22C3507B20EDB3A500CE2442 /* parser.h */ = {isa = PBXFileReference; fileEncoding = 4; lastKnownFileType = sourcecode.c.h; path = parser.h; sourceTree = "<group>"; };
		22C3507C20EDB3A500CE2442 /* vector.c */ = {isa = PBXFileReference; fileEncoding = 4; lastKnownFileType = sourcecode.c.c; path = vector.c; sourceTree = "<group>"; };
		22C3507D20EDB3A500CE2442 /* attribute.c */ = {isa = PBXFileReference; fileEncoding = 4; lastKnownFileType = sourcecode.c.c; path = attribute.c; sourceTree = "<group>"; };
		22C3507E20EDB3A500CE2442 /* char_ref.c */ = {isa = PBXFileReference; fileEncoding = 4; lastKnownFileType = sourcecode.c.c; path = char_ref.c; sourceTree = "<group>"; };
		22C3507F20EDB3A500CE2442 /* tokenizer.h */ = {isa = PBXFileReference; fileEncoding = 4; lastKnownFileType = sourcecode.c.h; path = tokenizer.h; sourceTree = "<group>"; };
		22C3508020EDB3A500CE2442 /* utf8.c */ = {isa = PBXFileReference; fileEncoding = 4; lastKnownFileType = sourcecode.c.c; path = utf8.c; sourceTree = "<group>"; };
		22C3508120EDB3A500CE2442 /* string_piece.h */ = {isa = PBXFileReference; fileEncoding = 4; lastKnownFileType = sourcecode.c.h; path = string_piece.h; sourceTree = "<group>"; };
		22C3508220EDB3A500CE2442 /* tokenizer_states.h */ = {isa = PBXFileReference; fileEncoding = 4; lastKnownFileType = sourcecode.c.h; path = tokenizer_states.h; sourceTree = "<group>"; };
		22C3508320EDB3A500CE2442 /* token_type.h */ = {isa = PBXFileReference; fileEncoding = 4; lastKnownFileType = sourcecode.c.h; path = token_type.h; sourceTree = "<group>"; };
		22C3508420EDB3A500CE2442 /* tag_gperf.h */ = {isa = PBXFileReference; fileEncoding = 4; lastKnownFileType = sourcecode.c.h; path = tag_gperf.h; sourceTree = "<group>"; };
		22C3508520EDB3A500CE2442 /* string_buffer.h */ = {isa = PBXFileReference; fileEncoding = 4; lastKnownFileType = sourcecode.c.h; path = string_buffer.h; sourceTree = "<group>"; };
		22C3508620EDB3A500CE2442 /* error.c */ = {isa = PBXFileReference; fileEncoding = 4; lastKnownFileType = sourcecode.c.c; path = error.c; sourceTree = "<group>"; };
		22C3508720EDB3A500CE2442 /* tag.in */ = {isa = PBXFileReference; fileEncoding = 4; lastKnownFileType = text; path = tag.in; sourceTree = "<group>"; };
		22C3508820EDB3A500CE2442 /* util.h */ = {isa = PBXFileReference; fileEncoding = 4; lastKnownFileType = sourcecode.c.h; path = util.h; sourceTree = "<group>"; };
		22C3508920EDB3A500CE2442 /* tag.c */ = {isa = PBXFileReference; fileEncoding = 4; lastKnownFileType = sourcecode.c.c; path = tag.c; sourceTree = "<group>"; };
		22C3508A20EDB3A500CE2442 /* char_ref.h */ = {isa = PBXFileReference; fileEncoding = 4; lastKnownFileType = sourcecode.c.h; path = char_ref.h; sourceTree = "<group>"; };
		22C3508B20EDB3A500CE2442 /* vector.h */ = {isa = PBXFileReference; fileEncoding = 4; lastKnownFileType = sourcecode.c.h; path = vector.h; sourceTree = "<group>"; };
		22C3508C20EDB3A500CE2442 /* attribute.h */ = {isa = PBXFileReference; fileEncoding = 4; lastKnownFileType = sourcecode.c.h; path = attribute.h; sourceTree = "<group>"; };
		22C3508D20EDB3A500CE2442 /* parser.c */ = {isa = PBXFileReference; fileEncoding = 4; lastKnownFileType = sourcecode.c.c; path = parser.c; sourceTree = "<group>"; };
		22C3508E20EDB3A500CE2442 /* tag_sizes.h */ = {isa = PBXFileReference; fileEncoding = 4; lastKnownFileType = sourcecode.c.h; path = tag_sizes.h; sourceTree = "<group>"; };
		22C3508F20EDB3A500CE2442 /* tag_strings.h */ = {isa = PBXFileReference; fileEncoding = 4; lastKnownFileType = sourcecode.c.h; path = tag_strings.h; sourceTree = "<group>"; };
		22C3509020EDB3A500CE2442 /* utf8.h */ = {isa = PBXFileReference; fileEncoding = 4; lastKnownFileType = sourcecode.c.h; path = utf8.h; sourceTree = "<group>"; };
		22C3509120EDB3A500CE2442 /* tokenizer.c */ = {isa = PBXFileReference; fileEncoding = 4; lastKnownFileType = sourcecode.c.c; path = tokenizer.c; sourceTree = "<group>"; };
		22C3509220EDB3A500CE2442 /* string_piece.c */ = {isa = PBXFileReference; fileEncoding = 4; lastKnownFileType = sourcecode.c.c; path = string_piece.c; sourceTree = "<group>"; };
		22C3509320EDB3A500CE2442 /* gumbo.h */ = {isa = PBXFileReference; fileEncoding = 4; lastKnownFileType = sourcecode.c.h; path = gumbo.h; sourceTree = "<group>"; };
		22C3509420EDB3A500CE2442 /* OCGumbo+Query.h */ = {isa = PBXFileReference; fileEncoding = 4; lastKnownFileType = sourcecode.c.h; path = "OCGumbo+Query.h"; sourceTree = "<group>"; };
		22C3509520EDB3A500CE2442 /* OCGumbo.h */ = {isa = PBXFileReference; fileEncoding = 4; lastKnownFileType = sourcecode.c.h; path = OCGumbo.h; sourceTree = "<group>"; };
		22C3509620EDB3A500CE2442 /* OCGumbo+Query.m */ = {isa = PBXFileReference; fileEncoding = 4; lastKnownFileType = sourcecode.c.objc; path = "OCGumbo+Query.m"; sourceTree = "<group>"; };
		22C3509720EDB3A500CE2442 /* OCGumbo.m */ = {isa = PBXFileReference; fileEncoding = 4; lastKnownFileType = sourcecode.c.objc; path = OCGumbo.m; sourceTree = "<group>"; };
		22C350DF20F08CB800CE2442 /* libxml2.tbd */ = {isa = PBXFileReference; lastKnownFileType = "sourcecode.text-based-dylib-definition"; name = libxml2.tbd; path = usr/lib/libxml2.tbd; sourceTree = SDKROOT; };
		22C350E720F4582100CE2442 /* JLBookRead-Bridging-Pch.h */ = {isa = PBXFileReference; fileEncoding = 4; lastKnownFileType = sourcecode.c.h; path = "JLBookRead-Bridging-Pch.h"; sourceTree = "<group>"; };
		22C350E920F4582100CE2442 /* NSObject+Extension.swift */ = {isa = PBXFileReference; fileEncoding = 4; lastKnownFileType = sourcecode.swift; path = "NSObject+Extension.swift"; sourceTree = "<group>"; };
		22C350EA20F4582100CE2442 /* UIView+Extension.swift */ = {isa = PBXFileReference; fileEncoding = 4; lastKnownFileType = sourcecode.swift; path = "UIView+Extension.swift"; sourceTree = "<group>"; };
		22C350EB20F4582100CE2442 /* String+Extension.swift */ = {isa = PBXFileReference; fileEncoding = 4; lastKnownFileType = sourcecode.swift; path = "String+Extension.swift"; sourceTree = "<group>"; };
		22C350EC20F4582100CE2442 /* UIScrollView+Extension.swift */ = {isa = PBXFileReference; fileEncoding = 4; lastKnownFileType = sourcecode.swift; path = "UIScrollView+Extension.swift"; sourceTree = "<group>"; };
		22C350ED20F4582100CE2442 /* UIPageViewController+Extension.swift */ = {isa = PBXFileReference; fileEncoding = 4; lastKnownFileType = sourcecode.swift; path = "UIPageViewController+Extension.swift"; sourceTree = "<group>"; };
		22C350EE20F4582100CE2442 /* UITableView+Extension.swift */ = {isa = PBXFileReference; fileEncoding = 4; lastKnownFileType = sourcecode.swift; path = "UITableView+Extension.swift"; sourceTree = "<group>"; };
		22C350F020F4582100CE2442 /* JLSegmentedControl.swift */ = {isa = PBXFileReference; fileEncoding = 4; lastKnownFileType = sourcecode.swift; path = JLSegmentedControl.swift; sourceTree = "<group>"; };
		22C350F120F4582100CE2442 /* JLHaloButton.swift */ = {isa = PBXFileReference; fileEncoding = 4; lastKnownFileType = sourcecode.swift; path = JLHaloButton.swift; sourceTree = "<group>"; };
		22C350F220F4582100CE2442 /* JLUserDefaults.swift */ = {isa = PBXFileReference; fileEncoding = 4; lastKnownFileType = sourcecode.swift; path = JLUserDefaults.swift; sourceTree = "<group>"; };
		22C350F420F4582100CE2442 /* DZMGlobalMethod.swift */ = {isa = PBXFileReference; fileEncoding = 4; lastKnownFileType = sourcecode.swift; path = DZMGlobalMethod.swift; sourceTree = "<group>"; };
		22C350F520F4582100CE2442 /* DZMGlobalProperty.swift */ = {isa = PBXFileReference; fileEncoding = 4; lastKnownFileType = sourcecode.swift; path = DZMGlobalProperty.swift; sourceTree = "<group>"; };
		22C350F820F4582100CE2442 /* JLCoverController.h */ = {isa = PBXFileReference; fileEncoding = 4; lastKnownFileType = sourcecode.c.h; path = JLCoverController.h; sourceTree = "<group>"; };
		22C350F920F4582100CE2442 /* JLCoverController.m */ = {isa = PBXFileReference; fileEncoding = 4; lastKnownFileType = sourcecode.c.objc; path = JLCoverController.m; sourceTree = "<group>"; };
		22C350FB20F4582100CE2442 /* UINavigationController+FDFullscreenPopGesture.h */ = {isa = PBXFileReference; fileEncoding = 4; lastKnownFileType = sourcecode.c.h; path = "UINavigationController+FDFullscreenPopGesture.h"; sourceTree = "<group>"; };
		22C350FC20F4582100CE2442 /* UINavigationController+FDFullscreenPopGesture.m */ = {isa = PBXFileReference; fileEncoding = 4; lastKnownFileType = sourcecode.c.objc; path = "UINavigationController+FDFullscreenPopGesture.m"; sourceTree = "<group>"; };
		22C350FE20F4582100CE2442 /* ASValuePopUpView.h */ = {isa = PBXFileReference; fileEncoding = 4; lastKnownFileType = sourcecode.c.h; path = ASValuePopUpView.h; sourceTree = "<group>"; };
		22C350FF20F4582100CE2442 /* ASValueTrackingSlider.h */ = {isa = PBXFileReference; fileEncoding = 4; lastKnownFileType = sourcecode.c.h; path = ASValueTrackingSlider.h; sourceTree = "<group>"; };
		22C3510020F4582100CE2442 /* ASValuePopUpView.m */ = {isa = PBXFileReference; fileEncoding = 4; lastKnownFileType = sourcecode.c.objc; path = ASValuePopUpView.m; sourceTree = "<group>"; };
		22C3510120F4582100CE2442 /* ASValueTrackingSlider.m */ = {isa = PBXFileReference; fileEncoding = 4; lastKnownFileType = sourcecode.c.objc; path = ASValueTrackingSlider.m; sourceTree = "<group>"; };
		22C3510320F4582100CE2442 /* UIView+YGPulseView.m */ = {isa = PBXFileReference; fileEncoding = 4; lastKnownFileType = sourcecode.c.objc; path = "UIView+YGPulseView.m"; sourceTree = "<group>"; };
		22C3510420F4582100CE2442 /* UIView+YGPulseView.h */ = {isa = PBXFileReference; fileEncoding = 4; lastKnownFileType = sourcecode.c.h; path = "UIView+YGPulseView.h"; sourceTree = "<group>"; };
		22C3510620F4582100CE2442 /* JLMagnifierView.h */ = {isa = PBXFileReference; fileEncoding = 4; lastKnownFileType = sourcecode.c.h; path = JLMagnifierView.h; sourceTree = "<group>"; };
		22C3510720F4582100CE2442 /* JLMagnifierView.m */ = {isa = PBXFileReference; fileEncoding = 4; lastKnownFileType = sourcecode.c.objc; path = JLMagnifierView.m; sourceTree = "<group>"; };
		22C3510820F4582100CE2442 /* JLBatteryView.swift */ = {isa = PBXFileReference; fileEncoding = 4; lastKnownFileType = sourcecode.swift; path = JLBatteryView.swift; sourceTree = "<group>"; };
		22C3510A20F4582100CE2442 /* JLViewController.swift */ = {isa = PBXFileReference; fileEncoding = 4; lastKnownFileType = sourcecode.swift; path = JLViewController.swift; sourceTree = "<group>"; };
		22C3510C20F4582100CE2442 /* JLReadOperation.swift */ = {isa = PBXFileReference; fileEncoding = 4; lastKnownFileType = sourcecode.swift; path = JLReadOperation.swift; sourceTree = "<group>"; };
		22C3510D20F4582100CE2442 /* JLReadParser.swift */ = {isa = PBXFileReference; fileEncoding = 4; lastKnownFileType = sourcecode.swift; path = JLReadParser.swift; sourceTree = "<group>"; };
		22C3510E20F4582100CE2442 /* JLReadViewController.swift */ = {isa = PBXFileReference; fileEncoding = 4; lastKnownFileType = sourcecode.swift; path = JLReadViewController.swift; sourceTree = "<group>"; };
		22C3510F20F4582100CE2442 /* JLReadConfigure.swift */ = {isa = PBXFileReference; fileEncoding = 4; lastKnownFileType = sourcecode.swift; path = JLReadConfigure.swift; sourceTree = "<group>"; };
		22C3511020F4582100CE2442 /* JLReadAuxiliary.swift */ = {isa = PBXFileReference; fileEncoding = 4; lastKnownFileType = sourcecode.swift; path = JLReadAuxiliary.swift; sourceTree = "<group>"; };
		22C3511120F4582100CE2442 /* JLReadController.swift */ = {isa = PBXFileReference; fileEncoding = 4; lastKnownFileType = sourcecode.swift; path = JLReadController.swift; sourceTree = "<group>"; };
		22C3511220F4582100CE2442 /* JLReadBGController.swift */ = {isa = PBXFileReference; fileEncoding = 4; lastKnownFileType = sourcecode.swift; path = JLReadBGController.swift; sourceTree = "<group>"; };
		22C3511520F4582100CE2442 /* JLRMColorView.swift */ = {isa = PBXFileReference; fileEncoding = 4; lastKnownFileType = sourcecode.swift; path = JLRMColorView.swift; sourceTree = "<group>"; };
		22C3511620F4582100CE2442 /* JLRMSettingView.swift */ = {isa = PBXFileReference; fileEncoding = 4; lastKnownFileType = sourcecode.swift; path = JLRMSettingView.swift; sourceTree = "<group>"; };
		22C3511720F4582100CE2442 /* JLRMFuncView.swift */ = {isa = PBXFileReference; fileEncoding = 4; lastKnownFileType = sourcecode.swift; path = JLRMFuncView.swift; sourceTree = "<group>"; };
		22C3511820F4582100CE2442 /* JLRMBottomView.swift */ = {isa = PBXFileReference; fileEncoding = 4; lastKnownFileType = sourcecode.swift; path = JLRMBottomView.swift; sourceTree = "<group>"; };
		22C3511920F4582100CE2442 /* JLRMStatusView.swift */ = {isa = PBXFileReference; fileEncoding = 4; lastKnownFileType = sourcecode.swift; path = JLRMStatusView.swift; sourceTree = "<group>"; };
		22C3511A20F4582100CE2442 /* JLRMLeftView.swift */ = {isa = PBXFileReference; fileEncoding = 4; lastKnownFileType = sourcecode.swift; path = JLRMLeftView.swift; sourceTree = "<group>"; };
		22C3511B20F4582100CE2442 /* JLReadMenu.swift */ = {isa = PBXFileReference; fileEncoding = 4; lastKnownFileType = sourcecode.swift; path = JLReadMenu.swift; sourceTree = "<group>"; };
		22C3511C20F4582100CE2442 /* JLRMTopView.swift */ = {isa = PBXFileReference; fileEncoding = 4; lastKnownFileType = sourcecode.swift; path = JLRMTopView.swift; sourceTree = "<group>"; };
		22C3511D20F4582100CE2442 /* JLRMBaseView.swift */ = {isa = PBXFileReference; fileEncoding = 4; lastKnownFileType = sourcecode.swift; path = JLRMBaseView.swift; sourceTree = "<group>"; };
		22C3511E20F4582100CE2442 /* JLRMLightView.swift */ = {isa = PBXFileReference; fileEncoding = 4; lastKnownFileType = sourcecode.swift; path = JLRMLightView.swift; sourceTree = "<group>"; };
		22C3512020F4582100CE2442 /* JLReadRecordModel.swift */ = {isa = PBXFileReference; fileEncoding = 4; lastKnownFileType = sourcecode.swift; path = JLReadRecordModel.swift; sourceTree = "<group>"; };
		22C3512120F4582100CE2442 /* JLReadModel.swift */ = {isa = PBXFileReference; fileEncoding = 4; lastKnownFileType = sourcecode.swift; path = JLReadModel.swift; sourceTree = "<group>"; };
		22C3512220F4582100CE2442 /* JLReadChapterListModel.swift */ = {isa = PBXFileReference; fileEncoding = 4; lastKnownFileType = sourcecode.swift; path = JLReadChapterListModel.swift; sourceTree = "<group>"; };
		22C3512320F4582100CE2442 /* JLReadMarkModel.swift */ = {isa = PBXFileReference; fileEncoding = 4; lastKnownFileType = sourcecode.swift; path = JLReadMarkModel.swift; sourceTree = "<group>"; };
		22C3512420F4582100CE2442 /* JLReadChapterModel.swift */ = {isa = PBXFileReference; fileEncoding = 4; lastKnownFileType = sourcecode.swift; path = JLReadChapterModel.swift; sourceTree = "<group>"; };
		22C3512620F4582100CE2442 /* JLReadViewCell.swift */ = {isa = PBXFileReference; fileEncoding = 4; lastKnownFileType = sourcecode.swift; path = JLReadViewCell.swift; sourceTree = "<group>"; };
		22C3512720F4582100CE2442 /* JLCursorView.swift */ = {isa = PBXFileReference; fileEncoding = 4; lastKnownFileType = sourcecode.swift; path = JLCursorView.swift; sourceTree = "<group>"; };
		22C3512820F4582100CE2442 /* JLReadView.swift */ = {isa = PBXFileReference; fileEncoding = 4; lastKnownFileType = sourcecode.swift; path = JLReadView.swift; sourceTree = "<group>"; };
		22C3515620F4BD0700CE2442 /* JLExtensionSwift.swift */ = {isa = PBXFileReference; fileEncoding = 4; lastKnownFileType = sourcecode.swift; path = JLExtensionSwift.swift; sourceTree = "<group>"; };
		22C3515820F4BD4300CE2442 /* JLParsingHTML.swift */ = {isa = PBXFileReference; lastKnownFileType = sourcecode.swift; path = JLParsingHTML.swift; sourceTree = "<group>"; };
		22C3515A20F4C10600CE2442 /* JLParsing80Txt.swift */ = {isa = PBXFileReference; lastKnownFileType = sourcecode.swift; path = JLParsing80Txt.swift; sourceTree = "<group>"; };
		22C3515D20F4C80900CE2442 /* JLBaseTableViewController.swift */ = {isa = PBXFileReference; fileEncoding = 4; lastKnownFileType = sourcecode.swift; path = JLBaseTableViewController.swift; sourceTree = "<group>"; };
		22C3515E20F4C80900CE2442 /* JLBaseViewController.swift */ = {isa = PBXFileReference; fileEncoding = 4; lastKnownFileType = sourcecode.swift; path = JLBaseViewController.swift; sourceTree = "<group>"; };
		22C3515F20F4C80900CE2442 /* JLBaseTabBarController.swift */ = {isa = PBXFileReference; fileEncoding = 4; lastKnownFileType = sourcecode.swift; path = JLBaseTabBarController.swift; sourceTree = "<group>"; };
		22C3516520F4C91800CE2442 /* JLBookcaseTableViewController.swift */ = {isa = PBXFileReference; lastKnownFileType = sourcecode.swift; path = JLBookcaseTableViewController.swift; sourceTree = "<group>"; };
		22C3516720F4C93100CE2442 /* JLBookcityTableViewController.swift */ = {isa = PBXFileReference; lastKnownFileType = sourcecode.swift; path = JLBookcityTableViewController.swift; sourceTree = "<group>"; };
		22C3516920F58E0900CE2442 /* JLBooklistTableViewController.swift */ = {isa = PBXFileReference; lastKnownFileType = sourcecode.swift; path = JLBooklistTableViewController.swift; sourceTree = "<group>"; };
		22C3516B20F58FED00CE2442 /* JLBooklistTableViewCell.swift */ = {isa = PBXFileReference; lastKnownFileType = sourcecode.swift; path = JLBooklistTableViewCell.swift; sourceTree = "<group>"; };
		22D77B2D20F635B600EB02D7 /* JLLabel.swift */ = {isa = PBXFileReference; lastKnownFileType = sourcecode.swift; path = JLLabel.swift; sourceTree = "<group>"; };
		22EB6922212E86A800126494 /* JLBookdetailTableViewController.swift */ = {isa = PBXFileReference; lastKnownFileType = sourcecode.swift; path = JLBookdetailTableViewController.swift; sourceTree = "<group>"; };
		22EB6924212EAA6B00126494 /* JLBookdetailTableViewCell.swift */ = {isa = PBXFileReference; lastKnownFileType = sourcecode.swift; path = JLBookdetailTableViewCell.swift; sourceTree = "<group>"; };
		8B76BD095F0320D1D593E5AB /* Pods-JLReader.debug.xcconfig */ = {isa = PBXFileReference; includeInIndex = 1; lastKnownFileType = text.xcconfig; name = "Pods-JLReader.debug.xcconfig"; path = "Pods/Target Support Files/Pods-JLReader/Pods-JLReader.debug.xcconfig"; sourceTree = "<group>"; };
		BF332BC3F17251BFF0CABA16 /* Pods_JLReader.framework */ = {isa = PBXFileReference; explicitFileType = wrapper.framework; includeInIndex = 0; path = Pods_JLReader.framework; sourceTree = BUILT_PRODUCTS_DIR; };
		C69B9AA563BB1C0ABB954EE4 /* Pods-JLReader.release.xcconfig */ = {isa = PBXFileReference; includeInIndex = 1; lastKnownFileType = text.xcconfig; name = "Pods-JLReader.release.xcconfig"; path = "Pods/Target Support Files/Pods-JLReader/Pods-JLReader.release.xcconfig"; sourceTree = "<group>"; };
/* End PBXFileReference section */

/* Begin PBXFrameworksBuildPhase section */
		22C3500220EDAA7B00CE2442 /* Frameworks */ = {
			isa = PBXFrameworksBuildPhase;
			buildActionMask = 2147483647;
			files = (
				22C350E020F08CB800CE2442 /* libxml2.tbd in Frameworks */,
				6EC52B9793F7B9472314C199 /* Pods_JLReader.framework in Frameworks */,
			);
			runOnlyForDeploymentPostprocessing = 0;
		};
/* End PBXFrameworksBuildPhase section */

/* Begin PBXGroup section */
		22C34FFC20EDAA7B00CE2442 = {
			isa = PBXGroup;
			children = (
				22C3500720EDAA7B00CE2442 /* JLReader */,
				22C3500620EDAA7B00CE2442 /* Products */,
				D67DB263D20F833134CC0FAC /* Pods */,
				B3345690989A7A4FF465CA17 /* Frameworks */,
			);
			sourceTree = "<group>";
		};
		22C3500620EDAA7B00CE2442 /* Products */ = {
			isa = PBXGroup;
			children = (
				22C3500520EDAA7B00CE2442 /* JLReader.app */,
			);
			name = Products;
			sourceTree = "<group>";
		};
		22C3500720EDAA7B00CE2442 /* JLReader */ = {
			isa = PBXGroup;
			children = (
				22C3516320F4C8E100CE2442 /* Bookcase */,
				22C3516420F4C8E100CE2442 /* Bookcity */,
				22C3515C20F4C80900CE2442 /* Base */,
				22C3507220EDB3A500CE2442 /* Classes */,
				22C3500820EDAA7B00CE2442 /* AppDelegate.swift */,
				22C3500F20EDAA7E00CE2442 /* Assets.xcassets */,
				22C3501120EDAA7E00CE2442 /* LaunchScreen.storyboard */,
				22C3501420EDAA7E00CE2442 /* Info.plist */,
				22C3506E20EDB38F00CE2442 /* JLReader-Bridging-Header.h */,
			);
			path = JLReader;
			sourceTree = "<group>";
		};
		22C3507220EDB3A500CE2442 /* Classes */ = {
			isa = PBXGroup;
			children = (
				22C3515520F4BD0700CE2442 /* Utility */,
				22C350E520F4582100CE2442 /* JLBookRead */,
				22C3507320EDB3A500CE2442 /* OCGumbo */,
			);
			path = Classes;
			sourceTree = "<group>";
		};
		22C3507320EDB3A500CE2442 /* OCGumbo */ = {
			isa = PBXGroup;
			children = (
				22C3507420EDB3A500CE2442 /* Gumbo */,
				22C3509420EDB3A500CE2442 /* OCGumbo+Query.h */,
				22C3509520EDB3A500CE2442 /* OCGumbo.h */,
				22C3509620EDB3A500CE2442 /* OCGumbo+Query.m */,
				22C3509720EDB3A500CE2442 /* OCGumbo.m */,
			);
			path = OCGumbo;
			sourceTree = "<group>";
		};
		22C3507420EDB3A500CE2442 /* Gumbo */ = {
			isa = PBXGroup;
			children = (
				2232D5522103733E00BF0A36 /* char_ref.rl */,
				22C3507520EDB3A500CE2442 /* string_buffer.c */,
				22C3507620EDB3A500CE2442 /* error.h */,
				22C3507720EDB3A500CE2442 /* tag_enum.h */,
				22C3507820EDB3A500CE2442 /* util.c */,
				22C3507A20EDB3A500CE2442 /* insertion_mode.h */,
				22C3507B20EDB3A500CE2442 /* parser.h */,
				22C3507C20EDB3A500CE2442 /* vector.c */,
				22C3507D20EDB3A500CE2442 /* attribute.c */,
				22C3507E20EDB3A500CE2442 /* char_ref.c */,
				22C3507F20EDB3A500CE2442 /* tokenizer.h */,
				22C3508020EDB3A500CE2442 /* utf8.c */,
				22C3508120EDB3A500CE2442 /* string_piece.h */,
				22C3508220EDB3A500CE2442 /* tokenizer_states.h */,
				22C3508320EDB3A500CE2442 /* token_type.h */,
				22C3508420EDB3A500CE2442 /* tag_gperf.h */,
				22C3508520EDB3A500CE2442 /* string_buffer.h */,
				22C3508620EDB3A500CE2442 /* error.c */,
				22C3508720EDB3A500CE2442 /* tag.in */,
				22C3508820EDB3A500CE2442 /* util.h */,
				22C3508920EDB3A500CE2442 /* tag.c */,
				22C3508A20EDB3A500CE2442 /* char_ref.h */,
				22C3508B20EDB3A500CE2442 /* vector.h */,
				22C3508C20EDB3A500CE2442 /* attribute.h */,
				22C3508D20EDB3A500CE2442 /* parser.c */,
				22C3508E20EDB3A500CE2442 /* tag_sizes.h */,
				22C3508F20EDB3A500CE2442 /* tag_strings.h */,
				22C3509020EDB3A500CE2442 /* utf8.h */,
				22C3509120EDB3A500CE2442 /* tokenizer.c */,
				22C3509220EDB3A500CE2442 /* string_piece.c */,
				22C3509320EDB3A500CE2442 /* gumbo.h */,
			);
			path = Gumbo;
			sourceTree = "<group>";
		};
		22C350E520F4582100CE2442 /* JLBookRead */ = {
			isa = PBXGroup;
			children = (
				22C350E620F4582100CE2442 /* other */,
				22C3510B20F4582100CE2442 /* controller */,
				22C3511320F4582100CE2442 /* menuUI */,
				22C3511F20F4582100CE2442 /* model */,
				22C3512520F4582100CE2442 /* view */,
			);
			path = JLBookRead;
			sourceTree = "<group>";
		};
		22C350E620F4582100CE2442 /* other */ = {
			isa = PBXGroup;
			children = (
				22C350E720F4582100CE2442 /* JLBookRead-Bridging-Pch.h */,
				22C350E820F4582100CE2442 /* extension */,
				22C350EF20F4582100CE2442 /* custom */,
				22C350F320F4582100CE2442 /* global */,
				22C350F620F4582100CE2442 /* thirdParty */,
				22C3510920F4582100CE2442 /* base */,
			);
			path = other;
			sourceTree = "<group>";
		};
		22C350E820F4582100CE2442 /* extension */ = {
			isa = PBXGroup;
			children = (
				22C350E920F4582100CE2442 /* NSObject+Extension.swift */,
				22C350EA20F4582100CE2442 /* UIView+Extension.swift */,
				22C350EB20F4582100CE2442 /* String+Extension.swift */,
				22C350EC20F4582100CE2442 /* UIScrollView+Extension.swift */,
				22C350ED20F4582100CE2442 /* UIPageViewController+Extension.swift */,
				22C350EE20F4582100CE2442 /* UITableView+Extension.swift */,
			);
			path = extension;
			sourceTree = "<group>";
		};
		22C350EF20F4582100CE2442 /* custom */ = {
			isa = PBXGroup;
			children = (
				22C350F020F4582100CE2442 /* JLSegmentedControl.swift */,
				22C350F120F4582100CE2442 /* JLHaloButton.swift */,
				22C350F220F4582100CE2442 /* JLUserDefaults.swift */,
			);
			path = custom;
			sourceTree = "<group>";
		};
		22C350F320F4582100CE2442 /* global */ = {
			isa = PBXGroup;
			children = (
				22C350F420F4582100CE2442 /* DZMGlobalMethod.swift */,
				22C350F520F4582100CE2442 /* DZMGlobalProperty.swift */,
			);
			path = global;
			sourceTree = "<group>";
		};
		22C350F620F4582100CE2442 /* thirdParty */ = {
			isa = PBXGroup;
			children = (
				22C350F720F4582100CE2442 /* JLCoverController */,
				22C350FA20F4582100CE2442 /* FDFullscreenPopGesture */,
				22C350FD20F4582100CE2442 /* ASValueTrackingSlider */,
				22C3510220F4582100CE2442 /* YGPulseView */,
				22C3510520F4582100CE2442 /* JLMagnifierView */,
				22C3510820F4582100CE2442 /* JLBatteryView.swift */,
			);
			path = thirdParty;
			sourceTree = "<group>";
		};
		22C350F720F4582100CE2442 /* JLCoverController */ = {
			isa = PBXGroup;
			children = (
				22C350F820F4582100CE2442 /* JLCoverController.h */,
				22C350F920F4582100CE2442 /* JLCoverController.m */,
			);
			path = JLCoverController;
			sourceTree = "<group>";
		};
		22C350FA20F4582100CE2442 /* FDFullscreenPopGesture */ = {
			isa = PBXGroup;
			children = (
				22C350FB20F4582100CE2442 /* UINavigationController+FDFullscreenPopGesture.h */,
				22C350FC20F4582100CE2442 /* UINavigationController+FDFullscreenPopGesture.m */,
			);
			path = FDFullscreenPopGesture;
			sourceTree = "<group>";
		};
		22C350FD20F4582100CE2442 /* ASValueTrackingSlider */ = {
			isa = PBXGroup;
			children = (
				22C350FE20F4582100CE2442 /* ASValuePopUpView.h */,
				22C350FF20F4582100CE2442 /* ASValueTrackingSlider.h */,
				22C3510020F4582100CE2442 /* ASValuePopUpView.m */,
				22C3510120F4582100CE2442 /* ASValueTrackingSlider.m */,
			);
			path = ASValueTrackingSlider;
			sourceTree = "<group>";
		};
		22C3510220F4582100CE2442 /* YGPulseView */ = {
			isa = PBXGroup;
			children = (
				22C3510320F4582100CE2442 /* UIView+YGPulseView.m */,
				22C3510420F4582100CE2442 /* UIView+YGPulseView.h */,
			);
			path = YGPulseView;
			sourceTree = "<group>";
		};
		22C3510520F4582100CE2442 /* JLMagnifierView */ = {
			isa = PBXGroup;
			children = (
				22C3510620F4582100CE2442 /* JLMagnifierView.h */,
				22C3510720F4582100CE2442 /* JLMagnifierView.m */,
			);
			path = JLMagnifierView;
			sourceTree = "<group>";
		};
		22C3510920F4582100CE2442 /* base */ = {
			isa = PBXGroup;
			children = (
				22C3510A20F4582100CE2442 /* JLViewController.swift */,
			);
			path = base;
			sourceTree = "<group>";
		};
		22C3510B20F4582100CE2442 /* controller */ = {
			isa = PBXGroup;
			children = (
				22C3510C20F4582100CE2442 /* JLReadOperation.swift */,
				22C3510D20F4582100CE2442 /* JLReadParser.swift */,
				22C3510E20F4582100CE2442 /* JLReadViewController.swift */,
				22C3510F20F4582100CE2442 /* JLReadConfigure.swift */,
				22C3511020F4582100CE2442 /* JLReadAuxiliary.swift */,
				22C3511120F4582100CE2442 /* JLReadController.swift */,
				22C3511220F4582100CE2442 /* JLReadBGController.swift */,
			);
			path = controller;
			sourceTree = "<group>";
		};
		22C3511320F4582100CE2442 /* menuUI */ = {
			isa = PBXGroup;
			children = (
				22C3511420F4582100CE2442 /* JLRMSettingView */,
				22C3511820F4582100CE2442 /* JLRMBottomView.swift */,
				22C3511920F4582100CE2442 /* JLRMStatusView.swift */,
				22C3511A20F4582100CE2442 /* JLRMLeftView.swift */,
				22C3511B20F4582100CE2442 /* JLReadMenu.swift */,
				22C3511C20F4582100CE2442 /* JLRMTopView.swift */,
				22C3511D20F4582100CE2442 /* JLRMBaseView.swift */,
				22C3511E20F4582100CE2442 /* JLRMLightView.swift */,
			);
			path = menuUI;
			sourceTree = "<group>";
		};
		22C3511420F4582100CE2442 /* JLRMSettingView */ = {
			isa = PBXGroup;
			children = (
				22C3511520F4582100CE2442 /* JLRMColorView.swift */,
				22C3511620F4582100CE2442 /* JLRMSettingView.swift */,
				22C3511720F4582100CE2442 /* JLRMFuncView.swift */,
			);
			path = JLRMSettingView;
			sourceTree = "<group>";
		};
		22C3511F20F4582100CE2442 /* model */ = {
			isa = PBXGroup;
			children = (
				22C3512020F4582100CE2442 /* JLReadRecordModel.swift */,
				22C3512120F4582100CE2442 /* JLReadModel.swift */,
				22C3512220F4582100CE2442 /* JLReadChapterListModel.swift */,
				22C3512320F4582100CE2442 /* JLReadMarkModel.swift */,
				22C3512420F4582100CE2442 /* JLReadChapterModel.swift */,
			);
			path = model;
			sourceTree = "<group>";
		};
		22C3512520F4582100CE2442 /* view */ = {
			isa = PBXGroup;
			children = (
				22C3512620F4582100CE2442 /* JLReadViewCell.swift */,
				22C3512720F4582100CE2442 /* JLCursorView.swift */,
				22C3512820F4582100CE2442 /* JLReadView.swift */,
			);
			path = view;
			sourceTree = "<group>";
		};
		22C3515520F4BD0700CE2442 /* Utility */ = {
			isa = PBXGroup;
			children = (
				22C3515620F4BD0700CE2442 /* JLExtensionSwift.swift */,
				22C3515820F4BD4300CE2442 /* JLParsingHTML.swift */,
				22C3515A20F4C10600CE2442 /* JLParsing80Txt.swift */,
				22D77B2D20F635B600EB02D7 /* JLLabel.swift */,
			);
			path = Utility;
			sourceTree = "<group>";
		};
		22C3515C20F4C80900CE2442 /* Base */ = {
			isa = PBXGroup;
			children = (
				22C3515D20F4C80900CE2442 /* JLBaseTableViewController.swift */,
				22C3515E20F4C80900CE2442 /* JLBaseViewController.swift */,
				22C3515F20F4C80900CE2442 /* JLBaseTabBarController.swift */,
			);
			path = Base;
			sourceTree = "<group>";
		};
		22C3516320F4C8E100CE2442 /* Bookcase */ = {
			isa = PBXGroup;
			children = (
				22C3516520F4C91800CE2442 /* JLBookcaseTableViewController.swift */,
			);
			path = Bookcase;
			sourceTree = "<group>";
		};
		22C3516420F4C8E100CE2442 /* Bookcity */ = {
			isa = PBXGroup;
			children = (
				22C3516720F4C93100CE2442 /* JLBookcityTableViewController.swift */,
				22C3516920F58E0900CE2442 /* JLBooklistTableViewController.swift */,
				22C3516B20F58FED00CE2442 /* JLBooklistTableViewCell.swift */,
				22EB6922212E86A800126494 /* JLBookdetailTableViewController.swift */,
				22EB6924212EAA6B00126494 /* JLBookdetailTableViewCell.swift */,
				2269B0E3213B8D56005DBB57 /* JLBookdetailRecommendTableViewCell.swift */,
			);
			path = Bookcity;
			sourceTree = "<group>";
		};
		B3345690989A7A4FF465CA17 /* Frameworks */ = {
			isa = PBXGroup;
			children = (
				22C350DF20F08CB800CE2442 /* libxml2.tbd */,
				BF332BC3F17251BFF0CABA16 /* Pods_JLReader.framework */,
			);
			name = Frameworks;
			sourceTree = "<group>";
		};
		D67DB263D20F833134CC0FAC /* Pods */ = {
			isa = PBXGroup;
			children = (
				8B76BD095F0320D1D593E5AB /* Pods-JLReader.debug.xcconfig */,
				C69B9AA563BB1C0ABB954EE4 /* Pods-JLReader.release.xcconfig */,
			);
			name = Pods;
			sourceTree = "<group>";
		};
/* End PBXGroup section */

/* Begin PBXNativeTarget section */
		22C3500420EDAA7B00CE2442 /* JLReader */ = {
			isa = PBXNativeTarget;
			buildConfigurationList = 22C3502D20EDAA7E00CE2442 /* Build configuration list for PBXNativeTarget "JLReader" */;
			buildPhases = (
				7C2D215EEBA394B11D4D99EE /* [CP] Check Pods Manifest.lock */,
				22C3500120EDAA7B00CE2442 /* Sources */,
				22C3500220EDAA7B00CE2442 /* Frameworks */,
				22C3500320EDAA7B00CE2442 /* Resources */,
				773049556DDE09DD60D5950A /* [CP] Embed Pods Frameworks */,
			);
			buildRules = (
			);
			dependencies = (
			);
			name = JLReader;
			productName = JLReader;
			productReference = 22C3500520EDAA7B00CE2442 /* JLReader.app */;
			productType = "com.apple.product-type.application";
		};
/* End PBXNativeTarget section */

/* Begin PBXProject section */
		22C34FFD20EDAA7B00CE2442 /* Project object */ = {
			isa = PBXProject;
			attributes = {
				LastSwiftUpdateCheck = 0940;
				LastUpgradeCheck = 0940;
				ORGANIZATIONNAME = JasonLiu;
				TargetAttributes = {
					22C3500420EDAA7B00CE2442 = {
						CreatedOnToolsVersion = 9.4;
						LastSwiftMigration = 1000;
					};
				};
			};
			buildConfigurationList = 22C3500020EDAA7B00CE2442 /* Build configuration list for PBXProject "JLReader" */;
			compatibilityVersion = "Xcode 9.3";
			developmentRegion = en;
			hasScannedForEncodings = 0;
			knownRegions = (
				en,
				Base,
			);
			mainGroup = 22C34FFC20EDAA7B00CE2442;
			productRefGroup = 22C3500620EDAA7B00CE2442 /* Products */;
			projectDirPath = "";
			projectRoot = "";
			targets = (
				22C3500420EDAA7B00CE2442 /* JLReader */,
			);
		};
/* End PBXProject section */

/* Begin PBXResourcesBuildPhase section */
		22C3500320EDAA7B00CE2442 /* Resources */ = {
			isa = PBXResourcesBuildPhase;
			buildActionMask = 2147483647;
			files = (
				22C350A020EDB3A500CE2442 /* tag.in in Resources */,
				2232D5532103733E00BF0A36 /* char_ref.rl in Resources */,
				22C3501320EDAA7E00CE2442 /* LaunchScreen.storyboard in Resources */,
				22C3501020EDAA7E00CE2442 /* Assets.xcassets in Resources */,
			);
			runOnlyForDeploymentPostprocessing = 0;
		};
/* End PBXResourcesBuildPhase section */

/* Begin PBXShellScriptBuildPhase section */
		773049556DDE09DD60D5950A /* [CP] Embed Pods Frameworks */ = {
			isa = PBXShellScriptBuildPhase;
			buildActionMask = 2147483647;
			files = (
			);
			inputPaths = (
				"${SRCROOT}/Pods/Target Support Files/Pods-JLReader/Pods-JLReader-frameworks.sh",
				"${BUILT_PRODUCTS_DIR}/Alamofire/Alamofire.framework",
				"${BUILT_PRODUCTS_DIR}/Kingfisher/Kingfisher.framework",
				"${BUILT_PRODUCTS_DIR}/MJRefresh/MJRefresh.framework",
			);
			name = "[CP] Embed Pods Frameworks";
			outputPaths = (
				"${TARGET_BUILD_DIR}/${FRAMEWORKS_FOLDER_PATH}/Alamofire.framework",
				"${TARGET_BUILD_DIR}/${FRAMEWORKS_FOLDER_PATH}/Kingfisher.framework",
				"${TARGET_BUILD_DIR}/${FRAMEWORKS_FOLDER_PATH}/MJRefresh.framework",
			);
			runOnlyForDeploymentPostprocessing = 0;
			shellPath = /bin/sh;
			shellScript = "\"${SRCROOT}/Pods/Target Support Files/Pods-JLReader/Pods-JLReader-frameworks.sh\"\n";
			showEnvVarsInLog = 0;
		};
		7C2D215EEBA394B11D4D99EE /* [CP] Check Pods Manifest.lock */ = {
			isa = PBXShellScriptBuildPhase;
			buildActionMask = 2147483647;
			files = (
			);
			inputPaths = (
				"${PODS_PODFILE_DIR_PATH}/Podfile.lock",
				"${PODS_ROOT}/Manifest.lock",
			);
			name = "[CP] Check Pods Manifest.lock";
			outputPaths = (
				"$(DERIVED_FILE_DIR)/Pods-JLReader-checkManifestLockResult.txt",
			);
			runOnlyForDeploymentPostprocessing = 0;
			shellPath = /bin/sh;
			shellScript = "diff \"${PODS_PODFILE_DIR_PATH}/Podfile.lock\" \"${PODS_ROOT}/Manifest.lock\" > /dev/null\nif [ $? != 0 ] ; then\n    # print error to STDERR\n    echo \"error: The sandbox is not in sync with the Podfile.lock. Run 'pod install' or update your CocoaPods installation.\" >&2\n    exit 1\nfi\n# This output is used by Xcode 'outputs' to avoid re-running this script phase.\necho \"SUCCESS\" > \"${SCRIPT_OUTPUT_FILE_0}\"\n";
			showEnvVarsInLog = 0;
		};
/* End PBXShellScriptBuildPhase section */

/* Begin PBXSourcesBuildPhase section */
		22C3500120EDAA7B00CE2442 /* Sources */ = {
			isa = PBXSourcesBuildPhase;
			buildActionMask = 2147483647;
			files = (
				22D77B2E20F635B600EB02D7 /* JLLabel.swift in Sources */,
				22C3516220F4C80900CE2442 /* JLBaseTabBarController.swift in Sources */,
				22C3514920F4582100CE2442 /* JLReadMenu.swift in Sources */,
				22C3515720F4BD0700CE2442 /* JLExtensionSwift.swift in Sources */,
				22C3513620F4582100CE2442 /* ASValuePopUpView.m in Sources */,
				22C3513520F4582100CE2442 /* UINavigationController+FDFullscreenPopGesture.m in Sources */,
				22C3514420F4582100CE2442 /* JLRMSettingView.swift in Sources */,
				22C3516120F4C80900CE2442 /* JLBaseViewController.swift in Sources */,
				22C3514820F4582100CE2442 /* JLRMLeftView.swift in Sources */,
				22C3516020F4C80900CE2442 /* JLBaseTableViewController.swift in Sources */,
				22C350A120EDB3A500CE2442 /* tag.c in Sources */,
				22C3516620F4C91800CE2442 /* JLBookcaseTableViewController.swift in Sources */,
				22C3513B20F4582100CE2442 /* JLViewController.swift in Sources */,
				22C3513A20F4582100CE2442 /* JLBatteryView.swift in Sources */,
				22C3513D20F4582100CE2442 /* JLReadParser.swift in Sources */,
				22C3514B20F4582100CE2442 /* JLRMBaseView.swift in Sources */,
				22C3515B20F4C10600CE2442 /* JLParsing80Txt.swift in Sources */,
				22C350A520EDB3A500CE2442 /* OCGumbo+Query.m in Sources */,
				22C3514C20F4582100CE2442 /* JLRMLightView.swift in Sources */,
				22C3515420F4582100CE2442 /* JLReadView.swift in Sources */,
				22C3514120F4582100CE2442 /* JLReadController.swift in Sources */,
				22C3515020F4582100CE2442 /* JLReadMarkModel.swift in Sources */,
				22C3512F20F4582100CE2442 /* JLSegmentedControl.swift in Sources */,
				22C3513F20F4582100CE2442 /* JLReadConfigure.swift in Sources */,
				22C3514A20F4582100CE2442 /* JLRMTopView.swift in Sources */,
				22C3514020F4582100CE2442 /* JLReadAuxiliary.swift in Sources */,
				22C3512D20F4582100CE2442 /* UIPageViewController+Extension.swift in Sources */,
				22C350A220EDB3A500CE2442 /* parser.c in Sources */,
				2269B0E4213B8D56005DBB57 /* JLBookdetailRecommendTableViewCell.swift in Sources */,
				22C3514220F4582100CE2442 /* JLReadBGController.swift in Sources */,
				22C3515220F4582100CE2442 /* JLReadViewCell.swift in Sources */,
				22C3516C20F58FED00CE2442 /* JLBooklistTableViewCell.swift in Sources */,
				22C350A320EDB3A500CE2442 /* tokenizer.c in Sources */,
				22C3513020F4582100CE2442 /* JLHaloButton.swift in Sources */,
				22C3514620F4582100CE2442 /* JLRMBottomView.swift in Sources */,
				22C3512C20F4582100CE2442 /* UIScrollView+Extension.swift in Sources */,
				22C3509920EDB3A500CE2442 /* util.c in Sources */,
				22C3515120F4582100CE2442 /* JLReadChapterModel.swift in Sources */,
				22C3512B20F4582100CE2442 /* String+Extension.swift in Sources */,
				22C3509D20EDB3A500CE2442 /* char_ref.c in Sources */,
				22C3516A20F58E0900CE2442 /* JLBooklistTableViewController.swift in Sources */,
				22C3513220F4582100CE2442 /* DZMGlobalMethod.swift in Sources */,
				22C3509F20EDB3A500CE2442 /* error.c in Sources */,
				22C3509C20EDB3A500CE2442 /* attribute.c in Sources */,
				22C3512920F4582100CE2442 /* NSObject+Extension.swift in Sources */,
				22C3512A20F4582100CE2442 /* UIView+Extension.swift in Sources */,
				22C3513320F4582100CE2442 /* DZMGlobalProperty.swift in Sources */,
				22C350A420EDB3A500CE2442 /* string_piece.c in Sources */,
				22EB6923212E86A800126494 /* JLBookdetailTableViewController.swift in Sources */,
				22C3512E20F4582100CE2442 /* UITableView+Extension.swift in Sources */,
				22C3514320F4582100CE2442 /* JLRMColorView.swift in Sources */,
				22C3515320F4582100CE2442 /* JLCursorView.swift in Sources */,
				22C3514520F4582100CE2442 /* JLRMFuncView.swift in Sources */,
				22C3500920EDAA7B00CE2442 /* AppDelegate.swift in Sources */,
				22C3513920F4582100CE2442 /* JLMagnifierView.m in Sources */,
				22C3515920F4BD4300CE2442 /* JLParsingHTML.swift in Sources */,
				22C3516820F4C93100CE2442 /* JLBookcityTableViewController.swift in Sources */,
				22C3513720F4582100CE2442 /* ASValueTrackingSlider.m in Sources */,
				22C3514F20F4582100CE2442 /* JLReadChapterListModel.swift in Sources */,
				22C3513C20F4582100CE2442 /* JLReadOperation.swift in Sources */,
				22EB6925212EAA6B00126494 /* JLBookdetailTableViewCell.swift in Sources */,
				22C3514D20F4582100CE2442 /* JLReadRecordModel.swift in Sources */,
				22C3513420F4582100CE2442 /* JLCoverController.m in Sources */,
				22C3509B20EDB3A500CE2442 /* vector.c in Sources */,
				22C3514720F4582100CE2442 /* JLRMStatusView.swift in Sources */,
				22C350A620EDB3A500CE2442 /* OCGumbo.m in Sources */,
				22C3514E20F4582100CE2442 /* JLReadModel.swift in Sources */,
				22C3509E20EDB3A500CE2442 /* utf8.c in Sources */,
				22C3513120F4582100CE2442 /* JLUserDefaults.swift in Sources */,
				22C3509820EDB3A500CE2442 /* string_buffer.c in Sources */,
				22C3513820F4582100CE2442 /* UIView+YGPulseView.m in Sources */,
				22C3513E20F4582100CE2442 /* JLReadViewController.swift in Sources */,
			);
			runOnlyForDeploymentPostprocessing = 0;
		};
/* End PBXSourcesBuildPhase section */

/* Begin PBXVariantGroup section */
		22C3501120EDAA7E00CE2442 /* LaunchScreen.storyboard */ = {
			isa = PBXVariantGroup;
			children = (
				22C3501220EDAA7E00CE2442 /* Base */,
			);
			name = LaunchScreen.storyboard;
			sourceTree = "<group>";
		};
/* End PBXVariantGroup section */

/* Begin XCBuildConfiguration section */
		22C3502B20EDAA7E00CE2442 /* Debug */ = {
			isa = XCBuildConfiguration;
			buildSettings = {
				ALWAYS_SEARCH_USER_PATHS = NO;
				CLANG_ANALYZER_NONNULL = YES;
				CLANG_ANALYZER_NUMBER_OBJECT_CONVERSION = YES_AGGRESSIVE;
				CLANG_CXX_LANGUAGE_STANDARD = "gnu++14";
				CLANG_CXX_LIBRARY = "libc++";
				CLANG_ENABLE_MODULES = YES;
				CLANG_ENABLE_OBJC_ARC = YES;
				CLANG_ENABLE_OBJC_WEAK = YES;
				CLANG_WARN_BLOCK_CAPTURE_AUTORELEASING = YES;
				CLANG_WARN_BOOL_CONVERSION = YES;
				CLANG_WARN_COMMA = YES;
				CLANG_WARN_CONSTANT_CONVERSION = YES;
				CLANG_WARN_DEPRECATED_OBJC_IMPLEMENTATIONS = YES;
				CLANG_WARN_DIRECT_OBJC_ISA_USAGE = YES_ERROR;
				CLANG_WARN_DOCUMENTATION_COMMENTS = YES;
				CLANG_WARN_EMPTY_BODY = YES;
				CLANG_WARN_ENUM_CONVERSION = YES;
				CLANG_WARN_INFINITE_RECURSION = YES;
				CLANG_WARN_INT_CONVERSION = YES;
				CLANG_WARN_NON_LITERAL_NULL_CONVERSION = YES;
				CLANG_WARN_OBJC_IMPLICIT_RETAIN_SELF = YES;
				CLANG_WARN_OBJC_LITERAL_CONVERSION = YES;
				CLANG_WARN_OBJC_ROOT_CLASS = YES_ERROR;
				CLANG_WARN_RANGE_LOOP_ANALYSIS = YES;
				CLANG_WARN_STRICT_PROTOTYPES = YES;
				CLANG_WARN_SUSPICIOUS_MOVE = YES;
				CLANG_WARN_UNGUARDED_AVAILABILITY = YES_AGGRESSIVE;
				CLANG_WARN_UNREACHABLE_CODE = YES;
				CLANG_WARN__DUPLICATE_METHOD_MATCH = YES;
				CODE_SIGN_IDENTITY = "iPhone Developer";
				COPY_PHASE_STRIP = NO;
				DEBUG_INFORMATION_FORMAT = dwarf;
				ENABLE_STRICT_OBJC_MSGSEND = YES;
				ENABLE_TESTABILITY = YES;
				GCC_C_LANGUAGE_STANDARD = gnu11;
				GCC_DYNAMIC_NO_PIC = NO;
				GCC_NO_COMMON_BLOCKS = YES;
				GCC_OPTIMIZATION_LEVEL = 0;
				GCC_PREPROCESSOR_DEFINITIONS = (
					"DEBUG=1",
					"$(inherited)",
				);
				GCC_WARN_64_TO_32_BIT_CONVERSION = YES;
				GCC_WARN_ABOUT_RETURN_TYPE = YES_ERROR;
				GCC_WARN_UNDECLARED_SELECTOR = YES;
				GCC_WARN_UNINITIALIZED_AUTOS = YES_AGGRESSIVE;
				GCC_WARN_UNUSED_FUNCTION = YES;
				GCC_WARN_UNUSED_VARIABLE = YES;
				IPHONEOS_DEPLOYMENT_TARGET = 11.4;
				MTL_ENABLE_DEBUG_INFO = YES;
				ONLY_ACTIVE_ARCH = YES;
				SDKROOT = iphoneos;
				SWIFT_ACTIVE_COMPILATION_CONDITIONS = DEBUG;
				SWIFT_OPTIMIZATION_LEVEL = "-Onone";
			};
			name = Debug;
		};
		22C3502C20EDAA7E00CE2442 /* Release */ = {
			isa = XCBuildConfiguration;
			buildSettings = {
				ALWAYS_SEARCH_USER_PATHS = NO;
				CLANG_ANALYZER_NONNULL = YES;
				CLANG_ANALYZER_NUMBER_OBJECT_CONVERSION = YES_AGGRESSIVE;
				CLANG_CXX_LANGUAGE_STANDARD = "gnu++14";
				CLANG_CXX_LIBRARY = "libc++";
				CLANG_ENABLE_MODULES = YES;
				CLANG_ENABLE_OBJC_ARC = YES;
				CLANG_ENABLE_OBJC_WEAK = YES;
				CLANG_WARN_BLOCK_CAPTURE_AUTORELEASING = YES;
				CLANG_WARN_BOOL_CONVERSION = YES;
				CLANG_WARN_COMMA = YES;
				CLANG_WARN_CONSTANT_CONVERSION = YES;
				CLANG_WARN_DEPRECATED_OBJC_IMPLEMENTATIONS = YES;
				CLANG_WARN_DIRECT_OBJC_ISA_USAGE = YES_ERROR;
				CLANG_WARN_DOCUMENTATION_COMMENTS = YES;
				CLANG_WARN_EMPTY_BODY = YES;
				CLANG_WARN_ENUM_CONVERSION = YES;
				CLANG_WARN_INFINITE_RECURSION = YES;
				CLANG_WARN_INT_CONVERSION = YES;
				CLANG_WARN_NON_LITERAL_NULL_CONVERSION = YES;
				CLANG_WARN_OBJC_IMPLICIT_RETAIN_SELF = YES;
				CLANG_WARN_OBJC_LITERAL_CONVERSION = YES;
				CLANG_WARN_OBJC_ROOT_CLASS = YES_ERROR;
				CLANG_WARN_RANGE_LOOP_ANALYSIS = YES;
				CLANG_WARN_STRICT_PROTOTYPES = YES;
				CLANG_WARN_SUSPICIOUS_MOVE = YES;
				CLANG_WARN_UNGUARDED_AVAILABILITY = YES_AGGRESSIVE;
				CLANG_WARN_UNREACHABLE_CODE = YES;
				CLANG_WARN__DUPLICATE_METHOD_MATCH = YES;
				CODE_SIGN_IDENTITY = "iPhone Developer";
				COPY_PHASE_STRIP = NO;
				DEBUG_INFORMATION_FORMAT = "dwarf-with-dsym";
				ENABLE_NS_ASSERTIONS = NO;
				ENABLE_STRICT_OBJC_MSGSEND = YES;
				GCC_C_LANGUAGE_STANDARD = gnu11;
				GCC_NO_COMMON_BLOCKS = YES;
				GCC_WARN_64_TO_32_BIT_CONVERSION = YES;
				GCC_WARN_ABOUT_RETURN_TYPE = YES_ERROR;
				GCC_WARN_UNDECLARED_SELECTOR = YES;
				GCC_WARN_UNINITIALIZED_AUTOS = YES_AGGRESSIVE;
				GCC_WARN_UNUSED_FUNCTION = YES;
				GCC_WARN_UNUSED_VARIABLE = YES;
				IPHONEOS_DEPLOYMENT_TARGET = 11.4;
				MTL_ENABLE_DEBUG_INFO = NO;
				SDKROOT = iphoneos;
				SWIFT_COMPILATION_MODE = wholemodule;
				SWIFT_OPTIMIZATION_LEVEL = "-O";
				VALIDATE_PRODUCT = YES;
			};
			name = Release;
		};
		22C3502E20EDAA7E00CE2442 /* Debug */ = {
			isa = XCBuildConfiguration;
			baseConfigurationReference = 8B76BD095F0320D1D593E5AB /* Pods-JLReader.debug.xcconfig */;
			buildSettings = {
				ASSETCATALOG_COMPILER_APPICON_NAME = AppIcon;
				CLANG_ENABLE_MODULES = YES;
				CODE_SIGN_STYLE = Automatic;
				DEVELOPMENT_TEAM = 9B3R8UT3R5;
				FRAMEWORK_SEARCH_PATHS = "$(inherited)";
				HEADER_SEARCH_PATHS = (
					/usr/include/libxml2,
					"$(SRCROOT)/JLReader/Classes/SwiftLibXML2",
				);
				INFOPLIST_FILE = JLReader/Info.plist;
				IPHONEOS_DEPLOYMENT_TARGET = 9.0;
				LD_RUNPATH_SEARCH_PATHS = (
					"$(inherited)",
					"@executable_path/Frameworks",
				);
				PRODUCT_BUNDLE_IDENTIFIER = com.trudian.JLReader;
				PRODUCT_NAME = "$(TARGET_NAME)";
				SWIFT_OBJC_BRIDGING_HEADER = "JLReader/JLReader-Bridging-Header.h";
				SWIFT_OPTIMIZATION_LEVEL = "-Onone";
				SWIFT_VERSION = 4.2;
				TARGETED_DEVICE_FAMILY = "1,2";
			};
			name = Debug;
		};
		22C3502F20EDAA7E00CE2442 /* Release */ = {
			isa = XCBuildConfiguration;
			baseConfigurationReference = C69B9AA563BB1C0ABB954EE4 /* Pods-JLReader.release.xcconfig */;
			buildSettings = {
				ASSETCATALOG_COMPILER_APPICON_NAME = AppIcon;
				CLANG_ENABLE_MODULES = YES;
				CODE_SIGN_STYLE = Automatic;
				DEVELOPMENT_TEAM = 9B3R8UT3R5;
				FRAMEWORK_SEARCH_PATHS = "$(inherited)";
				HEADER_SEARCH_PATHS = (
					/usr/include/libxml2,
					"$(SRCROOT)/JLReader/Classes/SwiftLibXML2",
				);
				INFOPLIST_FILE = JLReader/Info.plist;
				IPHONEOS_DEPLOYMENT_TARGET = 9.0;
				LD_RUNPATH_SEARCH_PATHS = (
					"$(inherited)",
					"@executable_path/Frameworks",
				);
				PRODUCT_BUNDLE_IDENTIFIER = com.trudian.JLReader;
				PRODUCT_NAME = "$(TARGET_NAME)";
				SWIFT_OBJC_BRIDGING_HEADER = "JLReader/JLReader-Bridging-Header.h";
				SWIFT_VERSION = 4.2;
				TARGETED_DEVICE_FAMILY = "1,2";
			};
			name = Release;
		};
/* End XCBuildConfiguration section */

/* Begin XCConfigurationList section */
		22C3500020EDAA7B00CE2442 /* Build configuration list for PBXProject "JLReader" */ = {
			isa = XCConfigurationList;
			buildConfigurations = (
				22C3502B20EDAA7E00CE2442 /* Debug */,
				22C3502C20EDAA7E00CE2442 /* Release */,
			);
			defaultConfigurationIsVisible = 0;
			defaultConfigurationName = Release;
		};
		22C3502D20EDAA7E00CE2442 /* Build configuration list for PBXNativeTarget "JLReader" */ = {
			isa = XCConfigurationList;
			buildConfigurations = (
				22C3502E20EDAA7E00CE2442 /* Debug */,
				22C3502F20EDAA7E00CE2442 /* Release */,
			);
			defaultConfigurationIsVisible = 0;
			defaultConfigurationName = Release;
		};
/* End XCConfigurationList section */
	};
	rootObject = 22C34FFD20EDAA7B00CE2442 /* Project object */;
}
